// !$*UTF8*$!
{
	archiveVersion = 1;
	classes = {
	};
	objectVersion = 50;
	objects = {

/* Begin PBXBuildFile section */
		691EEDFE871D8EBCA48F7CF8 /* Pods_Project_Lily.framework in Frameworks */ = {isa = PBXBuildFile; fileRef = 44C2DFA33098279EF83D17A3 /* Pods_Project_Lily.framework */; };
		EB0D55C221A0A22300AA9001 /* DogListViewModel.swift in Sources */ = {isa = PBXBuildFile; fileRef = EB0D55C121A0A22300AA9001 /* DogListViewModel.swift */; };
		EB59376E21AF1DF6002C2A40 /* Enums.swift in Sources */ = {isa = PBXBuildFile; fileRef = EB59376D21AF1DF6002C2A40 /* Enums.swift */; };
		EB87F2A6217E19790050680E /* FavoriteDogClass.swift in Sources */ = {isa = PBXBuildFile; fileRef = EB87F2A5217E19790050680E /* FavoriteDogClass.swift */; };
		EB93CC8C219F44C1000745F9 /* NetworkManager.swift in Sources */ = {isa = PBXBuildFile; fileRef = EB93CC8B219F44C1000745F9 /* NetworkManager.swift */; };
		EBB4072D217E626500D9080C /* ImageMethodsClass.swift in Sources */ = {isa = PBXBuildFile; fileRef = EBB4072C217E626500D9080C /* ImageMethodsClass.swift */; };
		EBBA2B25216BA1480068CF92 /* AppDelegate.swift in Sources */ = {isa = PBXBuildFile; fileRef = EBBA2B24216BA1480068CF92 /* AppDelegate.swift */; };
		EBBA2B27216BA1480068CF92 /* HomeViewController.swift in Sources */ = {isa = PBXBuildFile; fileRef = EBBA2B26216BA1480068CF92 /* HomeViewController.swift */; };
		EBBA2B2A216BA1480068CF92 /* Main.storyboard in Resources */ = {isa = PBXBuildFile; fileRef = EBBA2B28216BA1480068CF92 /* Main.storyboard */; };
		EBBA2B2C216BA14A0068CF92 /* Assets.xcassets in Resources */ = {isa = PBXBuildFile; fileRef = EBBA2B2B216BA14A0068CF92 /* Assets.xcassets */; };
		EBBA2B2F216BA14A0068CF92 /* LaunchScreen.storyboard in Resources */ = {isa = PBXBuildFile; fileRef = EBBA2B2D216BA14A0068CF92 /* LaunchScreen.storyboard */; };
		EBBA2B3B216BD4FB0068CF92 /* DogListViewController.swift in Sources */ = {isa = PBXBuildFile; fileRef = EBBA2B3A216BD4FB0068CF92 /* DogListViewController.swift */; };
		EBBA2B46216BF0090068CF92 /* DogDetailViewController.swift in Sources */ = {isa = PBXBuildFile; fileRef = EBBA2B45216BF0090068CF92 /* DogDetailViewController.swift */; };
		EBBA2B48216D1FDF0068CF92 /* DogClass.swift in Sources */ = {isa = PBXBuildFile; fileRef = EBBA2B47216D1FDF0068CF92 /* DogClass.swift */; };
		EBBA2B4A216D21D30068CF92 /* DogDatabaseClass.swift in Sources */ = {isa = PBXBuildFile; fileRef = EBBA2B49216D21D30068CF92 /* DogDatabaseClass.swift */; };
		EBBA2B53216FCD210068CF92 /* GoogleService-Info.plist in Resources */ = {isa = PBXBuildFile; fileRef = EBBA2B52216FCD210068CF92 /* GoogleService-Info.plist */; };
		EBD4075F217E4D6A001C92DC /* FavoriteDogsViewController.swift in Sources */ = {isa = PBXBuildFile; fileRef = EBD4075E217E4D6A001C92DC /* FavoriteDogsViewController.swift */; };
		EBD40761217E4E61001C92DC /* FavoriteDogCell.swift in Sources */ = {isa = PBXBuildFile; fileRef = EBD40760217E4E61001C92DC /* FavoriteDogCell.swift */; };
		EBFA16D2218A2B84002611C8 /* Persistence.swift in Sources */ = {isa = PBXBuildFile; fileRef = EBFA16D1218A2B84002611C8 /* Persistence.swift */; };
/* End PBXBuildFile section */

/* Begin PBXFileReference section */
		25EA8CD6D41E2C583EAE467D /* Pods-Project-Lily.release.xcconfig */ = {isa = PBXFileReference; includeInIndex = 1; lastKnownFileType = text.xcconfig; name = "Pods-Project-Lily.release.xcconfig"; path = "Pods/Target Support Files/Pods-Project-Lily/Pods-Project-Lily.release.xcconfig"; sourceTree = "<group>"; };
		44C2DFA33098279EF83D17A3 /* Pods_Project_Lily.framework */ = {isa = PBXFileReference; explicitFileType = wrapper.framework; includeInIndex = 0; path = Pods_Project_Lily.framework; sourceTree = BUILT_PRODUCTS_DIR; };
		810E8EE2D1822DED7898F62C /* Pods-Project-Lily.debug.xcconfig */ = {isa = PBXFileReference; includeInIndex = 1; lastKnownFileType = text.xcconfig; name = "Pods-Project-Lily.debug.xcconfig"; path = "Pods/Target Support Files/Pods-Project-Lily/Pods-Project-Lily.debug.xcconfig"; sourceTree = "<group>"; };
		EB0D55C121A0A22300AA9001 /* DogListViewModel.swift */ = {isa = PBXFileReference; lastKnownFileType = sourcecode.swift; path = DogListViewModel.swift; sourceTree = "<group>"; };
		EB59376D21AF1DF6002C2A40 /* Enums.swift */ = {isa = PBXFileReference; lastKnownFileType = sourcecode.swift; path = Enums.swift; sourceTree = "<group>"; };
		EB87F2A5217E19790050680E /* FavoriteDogClass.swift */ = {isa = PBXFileReference; lastKnownFileType = sourcecode.swift; path = FavoriteDogClass.swift; sourceTree = "<group>"; };
		EB93CC8B219F44C1000745F9 /* NetworkManager.swift */ = {isa = PBXFileReference; lastKnownFileType = sourcecode.swift; path = NetworkManager.swift; sourceTree = "<group>"; };
		EBB4072C217E626500D9080C /* ImageMethodsClass.swift */ = {isa = PBXFileReference; lastKnownFileType = sourcecode.swift; path = ImageMethodsClass.swift; sourceTree = "<group>"; };
		EBBA2B21216BA1480068CF92 /* Project-Lily.app */ = {isa = PBXFileReference; explicitFileType = wrapper.application; includeInIndex = 0; path = "Project-Lily.app"; sourceTree = BUILT_PRODUCTS_DIR; };
		EBBA2B24216BA1480068CF92 /* AppDelegate.swift */ = {isa = PBXFileReference; lastKnownFileType = sourcecode.swift; path = AppDelegate.swift; sourceTree = "<group>"; };
		EBBA2B26216BA1480068CF92 /* HomeViewController.swift */ = {isa = PBXFileReference; lastKnownFileType = sourcecode.swift; path = HomeViewController.swift; sourceTree = "<group>"; };
		EBBA2B29216BA1480068CF92 /* Base */ = {isa = PBXFileReference; lastKnownFileType = file.storyboard; name = Base; path = Base.lproj/Main.storyboard; sourceTree = "<group>"; };
		EBBA2B2B216BA14A0068CF92 /* Assets.xcassets */ = {isa = PBXFileReference; lastKnownFileType = folder.assetcatalog; path = Assets.xcassets; sourceTree = "<group>"; };
		EBBA2B2E216BA14A0068CF92 /* Base */ = {isa = PBXFileReference; lastKnownFileType = file.storyboard; name = Base; path = Base.lproj/LaunchScreen.storyboard; sourceTree = "<group>"; };
		EBBA2B30216BA14A0068CF92 /* Info.plist */ = {isa = PBXFileReference; lastKnownFileType = text.plist.xml; path = Info.plist; sourceTree = "<group>"; };
		EBBA2B3A216BD4FB0068CF92 /* DogListViewController.swift */ = {isa = PBXFileReference; lastKnownFileType = sourcecode.swift; path = DogListViewController.swift; sourceTree = "<group>"; };
		EBBA2B45216BF0090068CF92 /* DogDetailViewController.swift */ = {isa = PBXFileReference; lastKnownFileType = sourcecode.swift; path = DogDetailViewController.swift; sourceTree = "<group>"; };
		EBBA2B47216D1FDF0068CF92 /* DogClass.swift */ = {isa = PBXFileReference; lastKnownFileType = sourcecode.swift; path = DogClass.swift; sourceTree = "<group>"; };
		EBBA2B49216D21D30068CF92 /* DogDatabaseClass.swift */ = {isa = PBXFileReference; lastKnownFileType = sourcecode.swift; path = DogDatabaseClass.swift; sourceTree = "<group>"; };
		EBBA2B52216FCD210068CF92 /* GoogleService-Info.plist */ = {isa = PBXFileReference; fileEncoding = 4; lastKnownFileType = text.plist.xml; path = "GoogleService-Info.plist"; sourceTree = "<group>"; };
		EBD4075E217E4D6A001C92DC /* FavoriteDogsViewController.swift */ = {isa = PBXFileReference; lastKnownFileType = sourcecode.swift; path = FavoriteDogsViewController.swift; sourceTree = "<group>"; };
		EBD40760217E4E61001C92DC /* FavoriteDogCell.swift */ = {isa = PBXFileReference; lastKnownFileType = sourcecode.swift; path = FavoriteDogCell.swift; sourceTree = "<group>"; };
		EBFA16D1218A2B84002611C8 /* Persistence.swift */ = {isa = PBXFileReference; lastKnownFileType = sourcecode.swift; path = Persistence.swift; sourceTree = "<group>"; };
/* End PBXFileReference section */

/* Begin PBXFrameworksBuildPhase section */
		EBBA2B1E216BA1480068CF92 /* Frameworks */ = {
			isa = PBXFrameworksBuildPhase;
			buildActionMask = 2147483647;
			files = (
				691EEDFE871D8EBCA48F7CF8 /* Pods_Project_Lily.framework in Frameworks */,
			);
			runOnlyForDeploymentPostprocessing = 0;
		};
/* End PBXFrameworksBuildPhase section */

/* Begin PBXGroup section */
		0D7CB80EF0C18B2E9FC07AB0 /* Pods */ = {
			isa = PBXGroup;
			children = (
				810E8EE2D1822DED7898F62C /* Pods-Project-Lily.debug.xcconfig */,
				25EA8CD6D41E2C583EAE467D /* Pods-Project-Lily.release.xcconfig */,
			);
			name = Pods;
			sourceTree = "<group>";
		};
		3EB30F22E8958DD87AB795FD /* Frameworks */ = {
			isa = PBXGroup;
			children = (
				44C2DFA33098279EF83D17A3 /* Pods_Project_Lily.framework */,
			);
			name = Frameworks;
			sourceTree = "<group>";
		};
		EB0D55C321A0A24000AA9001 /* ViewModel */ = {
			isa = PBXGroup;
			children = (
				EB0D55C121A0A22300AA9001 /* DogListViewModel.swift */,
			);
			name = ViewModel;
			sourceTree = "<group>";
		};
		EB93CC8D219F44D1000745F9 /* Networking */ = {
			isa = PBXGroup;
			children = (
				EB93CC8B219F44C1000745F9 /* NetworkManager.swift */,
			);
			name = Networking;
			sourceTree = "<group>";
		};
		EBBA2B18216BA1480068CF92 = {
			isa = PBXGroup;
			children = (
				EBBA2B23216BA1480068CF92 /* Project-Lily */,
				EBBA2B22216BA1480068CF92 /* Products */,
				0D7CB80EF0C18B2E9FC07AB0 /* Pods */,
				3EB30F22E8958DD87AB795FD /* Frameworks */,
			);
			sourceTree = "<group>";
		};
		EBBA2B22216BA1480068CF92 /* Products */ = {
			isa = PBXGroup;
			children = (
				EBBA2B21216BA1480068CF92 /* Project-Lily.app */,
			);
			name = Products;
			sourceTree = "<group>";
		};
		EBBA2B23216BA1480068CF92 /* Project-Lily */ = {
			isa = PBXGroup;
			children = (
				EBBA2B24216BA1480068CF92 /* AppDelegate.swift */,
				EBBA2B2B216BA14A0068CF92 /* Assets.xcassets */,
				EBBA2B30216BA14A0068CF92 /* Info.plist */,
				EBBA2B52216FCD210068CF92 /* GoogleService-Info.plist */,
				EB93CC8D219F44D1000745F9 /* Networking */,
				EB0D55C321A0A24000AA9001 /* ViewModel */,
				EBBA2B3C216BE0C10068CF92 /* Model */,
				EBBA2B3D216BE0DE0068CF92 /* View */,
				EBBA2B3E216BE1120068CF92 /* Controller */,
			);
			path = "Project-Lily";
			sourceTree = "<group>";
		};
		EBBA2B3C216BE0C10068CF92 /* Model */ = {
			isa = PBXGroup;
			children = (
				EBBA2B47216D1FDF0068CF92 /* DogClass.swift */,
				EBBA2B49216D21D30068CF92 /* DogDatabaseClass.swift */,
				EB87F2A5217E19790050680E /* FavoriteDogClass.swift */,
				EBD40760217E4E61001C92DC /* FavoriteDogCell.swift */,
				EBB4072C217E626500D9080C /* ImageMethodsClass.swift */,
				EBFA16D1218A2B84002611C8 /* Persistence.swift */,
				EB59376D21AF1DF6002C2A40 /* Enums.swift */,
			);
			name = Model;
			sourceTree = "<group>";
		};
		EBBA2B3D216BE0DE0068CF92 /* View */ = {
			isa = PBXGroup;
			children = (
				EBBA2B2D216BA14A0068CF92 /* LaunchScreen.storyboard */,
				EBBA2B28216BA1480068CF92 /* Main.storyboard */,
			);
			path = View;
			sourceTree = "<group>";
		};
		EBBA2B3E216BE1120068CF92 /* Controller */ = {
			isa = PBXGroup;
			children = (
				EBBA2B3A216BD4FB0068CF92 /* DogListViewController.swift */,
				EBBA2B26216BA1480068CF92 /* HomeViewController.swift */,
				EBBA2B45216BF0090068CF92 /* DogDetailViewController.swift */,
				EBD4075E217E4D6A001C92DC /* FavoriteDogsViewController.swift */,
			);
			name = Controller;
			sourceTree = "<group>";
		};
/* End PBXGroup section */

/* Begin PBXNativeTarget section */
		EBBA2B20216BA1480068CF92 /* Project-Lily */ = {
			isa = PBXNativeTarget;
			buildConfigurationList = EBBA2B33216BA14A0068CF92 /* Build configuration list for PBXNativeTarget "Project-Lily" */;
			buildPhases = (
				9DA0E3003A111F3C65D748BE /* [CP] Check Pods Manifest.lock */,
				EBBA2B1D216BA1480068CF92 /* Sources */,
				EBBA2B1E216BA1480068CF92 /* Frameworks */,
				EBBA2B1F216BA1480068CF92 /* Resources */,
				864833213E3690D13BCE7A6B /* [CP] Embed Pods Frameworks */,
			);
			buildRules = (
			);
			dependencies = (
			);
			name = "Project-Lily";
			productName = "Project-Lily";
			productReference = EBBA2B21216BA1480068CF92 /* Project-Lily.app */;
			productType = "com.apple.product-type.application";
		};
/* End PBXNativeTarget section */

/* Begin PBXProject section */
		EBBA2B19216BA1480068CF92 /* Project object */ = {
			isa = PBXProject;
			attributes = {
				LastSwiftUpdateCheck = 1000;
				LastUpgradeCheck = 1000;
				ORGANIZATIONNAME = "Kendall Poindexter";
				TargetAttributes = {
					EBBA2B20216BA1480068CF92 = {
						CreatedOnToolsVersion = 10.0;
					};
				};
			};
			buildConfigurationList = EBBA2B1C216BA1480068CF92 /* Build configuration list for PBXProject "Project-Lily" */;
			compatibilityVersion = "Xcode 9.3";
			developmentRegion = en;
			hasScannedForEncodings = 0;
			knownRegions = (
				en,
				Base,
			);
			mainGroup = EBBA2B18216BA1480068CF92;
			productRefGroup = EBBA2B22216BA1480068CF92 /* Products */;
			projectDirPath = "";
			projectRoot = "";
			targets = (
				EBBA2B20216BA1480068CF92 /* Project-Lily */,
			);
		};
/* End PBXProject section */

/* Begin PBXResourcesBuildPhase section */
		EBBA2B1F216BA1480068CF92 /* Resources */ = {
			isa = PBXResourcesBuildPhase;
			buildActionMask = 2147483647;
			files = (
				EBBA2B2F216BA14A0068CF92 /* LaunchScreen.storyboard in Resources */,
				EBBA2B53216FCD210068CF92 /* GoogleService-Info.plist in Resources */,
				EBBA2B2C216BA14A0068CF92 /* Assets.xcassets in Resources */,
				EBBA2B2A216BA1480068CF92 /* Main.storyboard in Resources */,
			);
			runOnlyForDeploymentPostprocessing = 0;
		};
/* End PBXResourcesBuildPhase section */

/* Begin PBXShellScriptBuildPhase section */
		864833213E3690D13BCE7A6B /* [CP] Embed Pods Frameworks */ = {
			isa = PBXShellScriptBuildPhase;
			buildActionMask = 2147483647;
			files = (
			);
			inputFileListPaths = (
			);
			inputPaths = (
				"${SRCROOT}/Pods/Target Support Files/Pods-Project-Lily/Pods-Project-Lily-frameworks.sh",
				"${BUILT_PRODUCTS_DIR}/GoogleUtilities/GoogleUtilities.framework",
				"${BUILT_PRODUCTS_DIR}/nanopb/nanopb.framework",
			);
			name = "[CP] Embed Pods Frameworks";
			outputFileListPaths = (
			);
			outputPaths = (
				"${TARGET_BUILD_DIR}/${FRAMEWORKS_FOLDER_PATH}/GoogleUtilities.framework",
				"${TARGET_BUILD_DIR}/${FRAMEWORKS_FOLDER_PATH}/nanopb.framework",
			);
			runOnlyForDeploymentPostprocessing = 0;
			shellPath = /bin/sh;
			shellScript = "\"${SRCROOT}/Pods/Target Support Files/Pods-Project-Lily/Pods-Project-Lily-frameworks.sh\"\n";
			showEnvVarsInLog = 0;
		};
		9DA0E3003A111F3C65D748BE /* [CP] Check Pods Manifest.lock */ = {
			isa = PBXShellScriptBuildPhase;
			buildActionMask = 2147483647;
			files = (
			);
			inputFileListPaths = (
			);
			inputPaths = (
				"${PODS_PODFILE_DIR_PATH}/Podfile.lock",
				"${PODS_ROOT}/Manifest.lock",
			);
			name = "[CP] Check Pods Manifest.lock";
			outputFileListPaths = (
			);
			outputPaths = (
				"$(DERIVED_FILE_DIR)/Pods-Project-Lily-checkManifestLockResult.txt",
			);
			runOnlyForDeploymentPostprocessing = 0;
			shellPath = /bin/sh;
			shellScript = "diff \"${PODS_PODFILE_DIR_PATH}/Podfile.lock\" \"${PODS_ROOT}/Manifest.lock\" > /dev/null\nif [ $? != 0 ] ; then\n    # print error to STDERR\n    echo \"error: The sandbox is not in sync with the Podfile.lock. Run 'pod install' or update your CocoaPods installation.\" >&2\n    exit 1\nfi\n# This output is used by Xcode 'outputs' to avoid re-running this script phase.\necho \"SUCCESS\" > \"${SCRIPT_OUTPUT_FILE_0}\"\n";
			showEnvVarsInLog = 0;
		};
/* End PBXShellScriptBuildPhase section */

/* Begin PBXSourcesBuildPhase section */
		EBBA2B1D216BA1480068CF92 /* Sources */ = {
			isa = PBXSourcesBuildPhase;
			buildActionMask = 2147483647;
			files = (
				EB93CC8C219F44C1000745F9 /* NetworkManager.swift in Sources */,
				EBBA2B46216BF0090068CF92 /* DogDetailViewController.swift in Sources */,
				EBBA2B27216BA1480068CF92 /* HomeViewController.swift in Sources */,
				EBBA2B48216D1FDF0068CF92 /* DogClass.swift in Sources */,
				EB59376E21AF1DF6002C2A40 /* Enums.swift in Sources */,
				EBBA2B25216BA1480068CF92 /* AppDelegate.swift in Sources */,
				EBD40761217E4E61001C92DC /* FavoriteDogCell.swift in Sources */,
				EBD4075F217E4D6A001C92DC /* FavoriteDogsViewController.swift in Sources */,
				EB0D55C221A0A22300AA9001 /* DogListViewModel.swift in Sources */,
				EB87F2A6217E19790050680E /* FavoriteDogClass.swift in Sources */,
				EBBA2B3B216BD4FB0068CF92 /* DogListViewController.swift in Sources */,
				EBFA16D2218A2B84002611C8 /* Persistence.swift in Sources */,
				EBBA2B4A216D21D30068CF92 /* DogDatabaseClass.swift in Sources */,
				EBB4072D217E626500D9080C /* ImageMethodsClass.swift in Sources */,
			);
			runOnlyForDeploymentPostprocessing = 0;
		};
/* End PBXSourcesBuildPhase section */

/* Begin PBXVariantGroup section */
		EBBA2B28216BA1480068CF92 /* Main.storyboard */ = {
			isa = PBXVariantGroup;
			children = (
				EBBA2B29216BA1480068CF92 /* Base */,
			);
			name = Main.storyboard;
			sourceTree = "<group>";
		};
		EBBA2B2D216BA14A0068CF92 /* LaunchScreen.storyboard */ = {
			isa = PBXVariantGroup;
			children = (
				EBBA2B2E216BA14A0068CF92 /* Base */,
			);
			name = LaunchScreen.storyboard;
			sourceTree = "<group>";
		};
/* End PBXVariantGroup section */

/* Begin XCBuildConfiguration section */
		EBBA2B31216BA14A0068CF92 /* Debug */ = {
			isa = XCBuildConfiguration;
			buildSettings = {
				ALWAYS_SEARCH_USER_PATHS = NO;
				CLANG_ANALYZER_NONNULL = YES;
				CLANG_ANALYZER_NUMBER_OBJECT_CONVERSION = YES_AGGRESSIVE;
				CLANG_CXX_LANGUAGE_STANDARD = "gnu++14";
				CLANG_CXX_LIBRARY = "libc++";
				CLANG_ENABLE_MODULES = YES;
				CLANG_ENABLE_OBJC_ARC = YES;
				CLANG_ENABLE_OBJC_WEAK = YES;
				CLANG_WARN_BLOCK_CAPTURE_AUTORELEASING = YES;
				CLANG_WARN_BOOL_CONVERSION = YES;
				CLANG_WARN_COMMA = YES;
				CLANG_WARN_CONSTANT_CONVERSION = YES;
				CLANG_WARN_DEPRECATED_OBJC_IMPLEMENTATIONS = YES;
				CLANG_WARN_DIRECT_OBJC_ISA_USAGE = YES_ERROR;
				CLANG_WARN_DOCUMENTATION_COMMENTS = YES;
				CLANG_WARN_EMPTY_BODY = YES;
				CLANG_WARN_ENUM_CONVERSION = YES;
				CLANG_WARN_INFINITE_RECURSION = YES;
				CLANG_WARN_INT_CONVERSION = YES;
				CLANG_WARN_NON_LITERAL_NULL_CONVERSION = YES;
				CLANG_WARN_OBJC_IMPLICIT_RETAIN_SELF = YES;
				CLANG_WARN_OBJC_LITERAL_CONVERSION = YES;
				CLANG_WARN_OBJC_ROOT_CLASS = YES_ERROR;
				CLANG_WARN_RANGE_LOOP_ANALYSIS = YES;
				CLANG_WARN_STRICT_PROTOTYPES = YES;
				CLANG_WARN_SUSPICIOUS_MOVE = YES;
				CLANG_WARN_UNGUARDED_AVAILABILITY = YES_AGGRESSIVE;
				CLANG_WARN_UNREACHABLE_CODE = YES;
				CLANG_WARN__DUPLICATE_METHOD_MATCH = YES;
				CODE_SIGN_IDENTITY = "iPhone Developer";
				COPY_PHASE_STRIP = NO;
				DEBUG_INFORMATION_FORMAT = dwarf;
				ENABLE_STRICT_OBJC_MSGSEND = YES;
				ENABLE_TESTABILITY = YES;
				GCC_C_LANGUAGE_STANDARD = gnu11;
				GCC_DYNAMIC_NO_PIC = NO;
				GCC_NO_COMMON_BLOCKS = YES;
				GCC_OPTIMIZATION_LEVEL = 0;
				GCC_PREPROCESSOR_DEFINITIONS = (
					"DEBUG=1",
					"$(inherited)",
				);
				GCC_WARN_64_TO_32_BIT_CONVERSION = YES;
				GCC_WARN_ABOUT_RETURN_TYPE = YES_ERROR;
				GCC_WARN_UNDECLARED_SELECTOR = YES;
				GCC_WARN_UNINITIALIZED_AUTOS = YES_AGGRESSIVE;
				GCC_WARN_UNUSED_FUNCTION = YES;
				GCC_WARN_UNUSED_VARIABLE = YES;
				IPHONEOS_DEPLOYMENT_TARGET = 12.0;
				MTL_ENABLE_DEBUG_INFO = INCLUDE_SOURCE;
				MTL_FAST_MATH = YES;
				ONLY_ACTIVE_ARCH = YES;
				SDKROOT = iphoneos;
				SWIFT_ACTIVE_COMPILATION_CONDITIONS = DEBUG;
				SWIFT_OPTIMIZATION_LEVEL = "-Onone";
			};
			name = Debug;
		};
		EBBA2B32216BA14A0068CF92 /* Release */ = {
			isa = XCBuildConfiguration;
			buildSettings = {
				ALWAYS_SEARCH_USER_PATHS = NO;
				CLANG_ANALYZER_NONNULL = YES;
				CLANG_ANALYZER_NUMBER_OBJECT_CONVERSION = YES_AGGRESSIVE;
				CLANG_CXX_LANGUAGE_STANDARD = "gnu++14";
				CLANG_CXX_LIBRARY = "libc++";
				CLANG_ENABLE_MODULES = YES;
				CLANG_ENABLE_OBJC_ARC = YES;
				CLANG_ENABLE_OBJC_WEAK = YES;
				CLANG_WARN_BLOCK_CAPTURE_AUTORELEASING = YES;
				CLANG_WARN_BOOL_CONVERSION = YES;
				CLANG_WARN_COMMA = YES;
				CLANG_WARN_CONSTANT_CONVERSION = YES;
				CLANG_WARN_DEPRECATED_OBJC_IMPLEMENTATIONS = YES;
				CLANG_WARN_DIRECT_OBJC_ISA_USAGE = YES_ERROR;
				CLANG_WARN_DOCUMENTATION_COMMENTS = YES;
				CLANG_WARN_EMPTY_BODY = YES;
				CLANG_WARN_ENUM_CONVERSION = YES;
				CLANG_WARN_INFINITE_RECURSION = YES;
				CLANG_WARN_INT_CONVERSION = YES;
				CLANG_WARN_NON_LITERAL_NULL_CONVERSION = YES;
				CLANG_WARN_OBJC_IMPLICIT_RETAIN_SELF = YES;
				CLANG_WARN_OBJC_LITERAL_CONVERSION = YES;
				CLANG_WARN_OBJC_ROOT_CLASS = YES_ERROR;
				CLANG_WARN_RANGE_LOOP_ANALYSIS = YES;
				CLANG_WARN_STRICT_PROTOTYPES = YES;
				CLANG_WARN_SUSPICIOUS_MOVE = YES;
				CLANG_WARN_UNGUARDED_AVAILABILITY = YES_AGGRESSIVE;
				CLANG_WARN_UNREACHABLE_CODE = YES;
				CLANG_WARN__DUPLICATE_METHOD_MATCH = YES;
				CODE_SIGN_IDENTITY = "iPhone Developer";
				COPY_PHASE_STRIP = NO;
				DEBUG_INFORMATION_FORMAT = "dwarf-with-dsym";
				ENABLE_NS_ASSERTIONS = NO;
				ENABLE_STRICT_OBJC_MSGSEND = YES;
				GCC_C_LANGUAGE_STANDARD = gnu11;
				GCC_NO_COMMON_BLOCKS = YES;
				GCC_WARN_64_TO_32_BIT_CONVERSION = YES;
				GCC_WARN_ABOUT_RETURN_TYPE = YES_ERROR;
				GCC_WARN_UNDECLARED_SELECTOR = YES;
				GCC_WARN_UNINITIALIZED_AUTOS = YES_AGGRESSIVE;
				GCC_WARN_UNUSED_FUNCTION = YES;
				GCC_WARN_UNUSED_VARIABLE = YES;
				IPHONEOS_DEPLOYMENT_TARGET = 12.0;
				MTL_ENABLE_DEBUG_INFO = NO;
				MTL_FAST_MATH = YES;
				SDKROOT = iphoneos;
				SWIFT_COMPILATION_MODE = wholemodule;
				SWIFT_OPTIMIZATION_LEVEL = "-O";
				VALIDATE_PRODUCT = YES;
			};
			name = Release;
		};
		EBBA2B34216BA14A0068CF92 /* Debug */ = {
			isa = XCBuildConfiguration;
			baseConfigurationReference = 810E8EE2D1822DED7898F62C /* Pods-Project-Lily.debug.xcconfig */;
			buildSettings = {
				ASSETCATALOG_COMPILER_APPICON_NAME = AppIcon;
				CODE_SIGN_STYLE = Automatic;
				INFOPLIST_FILE = "Project-Lily/Info.plist";
				LD_RUNPATH_SEARCH_PATHS = (
					"$(inherited)",
					"@executable_path/Frameworks",
				);
				PRODUCT_BUNDLE_IDENTIFIER = "com.detroitlabs.Project-Lily";
				PRODUCT_NAME = "$(TARGET_NAME)";
				SWIFT_VERSION = 4.2;
				TARGETED_DEVICE_FAMILY = "1,2";
			};
			name = Debug;
		};
		EBBA2B35216BA14A0068CF92 /* Release */ = {
			isa = XCBuildConfiguration;
			baseConfigurationReference = 25EA8CD6D41E2C583EAE467D /* Pods-Project-Lily.release.xcconfig */;
			buildSettings = {
				ASSETCATALOG_COMPILER_APPICON_NAME = AppIcon;
				CODE_SIGN_STYLE = Automatic;
				INFOPLIST_FILE = "Project-Lily/Info.plist";
				LD_RUNPATH_SEARCH_PATHS = (
					"$(inherited)",
					"@executable_path/Frameworks",
				);
				PRODUCT_BUNDLE_IDENTIFIER = "com.detroitlabs.Project-Lily";
				PRODUCT_NAME = "$(TARGET_NAME)";
				SWIFT_VERSION = 4.2;
				TARGETED_DEVICE_FAMILY = "1,2";
			};
			name = Release;
		};
/* End XCBuildConfiguration section */

/* Begin XCConfigurationList section */
		EBBA2B1C216BA1480068CF92 /* Build configuration list for PBXProject "Project-Lily" */ = {
			isa = XCConfigurationList;
			buildConfigurations = (
				EBBA2B31216BA14A0068CF92 /* Debug */,
				EBBA2B32216BA14A0068CF92 /* Release */,
			);
			defaultConfigurationIsVisible = 0;
			defaultConfigurationName = Release;
		};
		EBBA2B33216BA14A0068CF92 /* Build configuration list for PBXNativeTarget "Project-Lily" */ = {
			isa = XCConfigurationList;
			buildConfigurations = (
				EBBA2B34216BA14A0068CF92 /* Debug */,
				EBBA2B35216BA14A0068CF92 /* Release */,
			);
			defaultConfigurationIsVisible = 0;
			defaultConfigurationName = Release;
		};
/* End XCConfigurationList section */
	};
	rootObject = EBBA2B19216BA1480068CF92 /* Project object */;
}
